
Microsoft Visual Studio Solution File, Format Version 12.00
# Visual Studio Version 17
VisualStudioVersion = 17.10.35027.167
MinimumVisualStudioVersion = 10.0.40219.1
Project("{FAE04EC0-301F-11D3-BF4B-00C04F79EFBC}") = "EslamApp", "EslamApp\EslamApp.csproj", "{1ADED807-7097-4029-9580-702C5B8D706F}"
EndProject
Global
	GlobalSection(SolutionConfigurationPlatforms) = preSolution
		Debug|Any CPU = Debug|Any CPU
		Release|Any CPU = Release|Any CPU
	EndGlobalSection
	GlobalSection(ProjectConfigurationPlatforms) = postSolution
		{1ADED807-7097-4029-9580-702C5B8D706F}.Debug|Any CPU.ActiveCfg = Debug|Any CPU
		{1ADED807-7097-4029-9580-702C5B8D706F}.Debug|Any CPU.Build.0 = Debug|Any CPU
		{1ADED807-7097-4029-9580-702C5B8D706F}.Release|Any CPU.ActiveCfg = Release|Any CPU
		{1ADED807-7097-4029-9580-702C5B8D706F}.Release|Any CPU.Build.0 = Release|Any CPU
	EndGlobalSection
	GlobalSection(SolutionProperties) = preSolution
		HideSolutionNode = FALSE
	EndGlobalSection
	GlobalSection(ExtensibilityGlobals) = postSolution
		SolutionGuid = {C44F2C8D-4D90-4179-9122-D4F61FDB126B}
	EndGlobalSection
EndGlobal
